
Microsoft Visual Studio Solution File, Format Version 12.00
# Visual Studio Version 17
VisualStudioVersion = 17.0.31903.59
MinimumVisualStudioVersion = 10.0.40219.1
Project("{2150E333-8FDC-42A3-9474-1A3956D46DE8}") = "src", "src", "{827E0CD3-B72D-47B6-A68D-7590B98EB39B}"
EndProject
Project("{FAE04EC0-301F-11D3-BF4B-00C04F79EFBC}") = "BauToolKit.Domain", "src\BauToolKit.Domain\BauToolKit.Domain.csproj", "{7BF4FD30-1421-4567-A62A-4E9E354F72F6}"
EndProject
Project("{FAE04EC0-301F-11D3-BF4B-00C04F79EFBC}") = "BauToolKit.Application", "src\BauToolKit.Application\BauToolKit.Application.csproj", "{A6300EA1-B317-43BB-825A-A4746516C2B1}"
EndProject
Project("{FAE04EC0-301F-11D3-BF4B-00C04F79EFBC}") = "BauToolKit.Infrastructure", "src\BauToolKit.Infrastructure\BauToolKit.Infrastructure.csproj", "{F8171F4E-C8F2-4B93-AA54-04C92C9DCCE8}"
EndProject
Project("{FAE04EC0-301F-11D3-BF4B-00C04F79EFBC}") = "BauToolKit.Api", "src\BauToolKit.Api\BauToolKit.Api.csproj", "{E28991C1-3BBC-4335-B396-1AB33A4C1EF2}"
EndProject
Project("{FAE04EC0-301F-11D3-BF4B-00C04F79EFBC}") = "BauToolKit.Web", "src\BauToolKit.Web\BauToolKit.Web.csproj", "{23447C02-C130-4F73-92B8-26495DC1032B}"
EndProject
Project("{FAE04EC0-301F-11D3-BF4B-00C04F79EFBC}") = "BauToolKit.Mobile", "src\BauToolKit.Mobile\BauToolKit.Mobile.csproj", "{58EC09B1-D0A2-4871-A983-03641BCE7CB3}"
EndProject
Project("{2150E333-8FDC-42A3-9474-1A3956D46DE8}") = "tests", "tests", "{0AB3BF05-4346-4AA6-1389-037BE0695223}"
EndProject
Project("{FAE04EC0-301F-11D3-BF4B-00C04F79EFBC}") = "BauToolKit.UnitTests", "tests\BauToolKit.UnitTests\BauToolKit.UnitTests.csproj", "{E2BBB41D-94A2-400E-AB0B-E19682A41AAE}"
EndProject
Project("{FAE04EC0-301F-11D3-BF4B-00C04F79EFBC}") = "blazor-portfolio", "blazor-portfolio.csproj", "{A423CAC1-C223-41DA-9BF9-2B175FF0B887}"
EndProject
Project("{FAE04EC0-301F-11D3-BF4B-00C04F79EFBC}") = "BauToolKit.Mobile.Host", "src\BauToolKit.Mobile.Host\BauToolKit.Mobile.Host.csproj", "{DD93FD3F-C2B3-4D98-82C5-373140F76974}"
EndProject
Global
	GlobalSection(SolutionConfigurationPlatforms) = preSolution
		Debug|Any CPU = Debug|Any CPU
		Debug|x64 = Debug|x64
		Debug|x86 = Debug|x86
		Release|Any CPU = Release|Any CPU
		Release|x64 = Release|x64
		Release|x86 = Release|x86
	EndGlobalSection
	GlobalSection(ProjectConfigurationPlatforms) = postSolution
		{7BF4FD30-1421-4567-A62A-4E9E354F72F6}.Debug|Any CPU.ActiveCfg = Debug|Any CPU
		{7BF4FD30-1421-4567-A62A-4E9E354F72F6}.Debug|Any CPU.Build.0 = Debug|Any CPU
		{7BF4FD30-1421-4567-A62A-4E9E354F72F6}.Debug|x64.ActiveCfg = Debug|Any CPU
		{7BF4FD30-1421-4567-A62A-4E9E354F72F6}.Debug|x64.Build.0 = Debug|Any CPU
		{7BF4FD30-1421-4567-A62A-4E9E354F72F6}.Debug|x86.ActiveCfg = Debug|Any CPU
		{7BF4FD30-1421-4567-A62A-4E9E354F72F6}.Debug|x86.Build.0 = Debug|Any CPU
		{7BF4FD30-1421-4567-A62A-4E9E354F72F6}.Release|Any CPU.ActiveCfg = Release|Any CPU
		{7BF4FD30-1421-4567-A62A-4E9E354F72F6}.Release|Any CPU.Build.0 = Release|Any CPU
		{7BF4FD30-1421-4567-A62A-4E9E354F72F6}.Release|x64.ActiveCfg = Release|Any CPU
		{7BF4FD30-1421-4567-A62A-4E9E354F72F6}.Release|x64.Build.0 = Release|Any CPU
		{7BF4FD30-1421-4567-A62A-4E9E354F72F6}.Release|x86.ActiveCfg = Release|Any CPU
		{7BF4FD30-1421-4567-A62A-4E9E354F72F6}.Release|x86.Build.0 = Release|Any CPU
		{A6300EA1-B317-43BB-825A-A4746516C2B1}.Debug|Any CPU.ActiveCfg = Debug|Any CPU
		{A6300EA1-B317-43BB-825A-A4746516C2B1}.Debug|Any CPU.Build.0 = Debug|Any CPU
		{A6300EA1-B317-43BB-825A-A4746516C2B1}.Debug|x64.ActiveCfg = Debug|Any CPU
		{A6300EA1-B317-43BB-825A-A4746516C2B1}.Debug|x64.Build.0 = Debug|Any CPU
		{A6300EA1-B317-43BB-825A-A4746516C2B1}.Debug|x86.ActiveCfg = Debug|Any CPU
		{A6300EA1-B317-43BB-825A-A4746516C2B1}.Debug|x86.Build.0 = Debug|Any CPU
		{A6300EA1-B317-43BB-825A-A4746516C2B1}.Release|Any CPU.ActiveCfg = Release|Any CPU
		{A6300EA1-B317-43BB-825A-A4746516C2B1}.Release|Any CPU.Build.0 = Release|Any CPU
		{A6300EA1-B317-43BB-825A-A4746516C2B1}.Release|x64.ActiveCfg = Release|Any CPU
		{A6300EA1-B317-43BB-825A-A4746516C2B1}.Release|x64.Build.0 = Release|Any CPU
		{A6300EA1-B317-43BB-825A-A4746516C2B1}.Release|x86.ActiveCfg = Release|Any CPU
		{A6300EA1-B317-43BB-825A-A4746516C2B1}.Release|x86.Build.0 = Release|Any CPU
		{F8171F4E-C8F2-4B93-AA54-04C92C9DCCE8}.Debug|Any CPU.ActiveCfg = Debug|Any CPU
		{F8171F4E-C8F2-4B93-AA54-04C92C9DCCE8}.Debug|Any CPU.Build.0 = Debug|Any CPU
		{F8171F4E-C8F2-4B93-AA54-04C92C9DCCE8}.Debug|x64.ActiveCfg = Debug|Any CPU
		{F8171F4E-C8F2-4B93-AA54-04C92C9DCCE8}.Debug|x64.Build.0 = Debug|Any CPU
		{F8171F4E-C8F2-4B93-AA54-04C92C9DCCE8}.Debug|x86.ActiveCfg = Debug|Any CPU
		{F8171F4E-C8F2-4B93-AA54-04C92C9DCCE8}.Debug|x86.Build.0 = Debug|Any CPU
		{F8171F4E-C8F2-4B93-AA54-04C92C9DCCE8}.Release|Any CPU.ActiveCfg = Release|Any CPU
		{F8171F4E-C8F2-4B93-AA54-04C92C9DCCE8}.Release|Any CPU.Build.0 = Release|Any CPU
		{F8171F4E-C8F2-4B93-AA54-04C92C9DCCE8}.Release|x64.ActiveCfg = Release|Any CPU
		{F8171F4E-C8F2-4B93-AA54-04C92C9DCCE8}.Release|x64.Build.0 = Release|Any CPU
		{F8171F4E-C8F2-4B93-AA54-04C92C9DCCE8}.Release|x86.ActiveCfg = Release|Any CPU
		{F8171F4E-C8F2-4B93-AA54-04C92C9DCCE8}.Release|x86.Build.0 = Release|Any CPU
		{E28991C1-3BBC-4335-B396-1AB33A4C1EF2}.Debug|Any CPU.ActiveCfg = Debug|Any CPU
		{E28991C1-3BBC-4335-B396-1AB33A4C1EF2}.Debug|Any CPU.Build.0 = Debug|Any CPU
		{E28991C1-3BBC-4335-B396-1AB33A4C1EF2}.Debug|x64.ActiveCfg = Debug|Any CPU
		{E28991C1-3BBC-4335-B396-1AB33A4C1EF2}.Debug|x64.Build.0 = Debug|Any CPU
		{E28991C1-3BBC-4335-B396-1AB33A4C1EF2}.Debug|x86.ActiveCfg = Debug|Any CPU
		{E28991C1-3BBC-4335-B396-1AB33A4C1EF2}.Debug|x86.Build.0 = Debug|Any CPU
		{E28991C1-3BBC-4335-B396-1AB33A4C1EF2}.Release|Any CPU.ActiveCfg = Release|Any CPU
		{E28991C1-3BBC-4335-B396-1AB33A4C1EF2}.Release|Any CPU.Build.0 = Release|Any CPU
		{E28991C1-3BBC-4335-B396-1AB33A4C1EF2}.Release|x64.ActiveCfg = Release|Any CPU
		{E28991C1-3BBC-4335-B396-1AB33A4C1EF2}.Release|x64.Build.0 = Release|Any CPU
		{E28991C1-3BBC-4335-B396-1AB33A4C1EF2}.Release|x86.ActiveCfg = Release|Any CPU
		{E28991C1-3BBC-4335-B396-1AB33A4C1EF2}.Release|x86.Build.0 = Release|Any CPU
		{23447C02-C130-4F73-92B8-26495DC1032B}.Debug|Any CPU.ActiveCfg = Debug|Any CPU
		{23447C02-C130-4F73-92B8-26495DC1032B}.Debug|Any CPU.Build.0 = Debug|Any CPU
		{23447C02-C130-4F73-92B8-26495DC1032B}.Debug|x64.ActiveCfg = Debug|Any CPU
		{23447C02-C130-4F73-92B8-26495DC1032B}.Debug|x64.Build.0 = Debug|Any CPU
		{23447C02-C130-4F73-92B8-26495DC1032B}.Debug|x86.ActiveCfg = Debug|Any CPU
		{23447C02-C130-4F73-92B8-26495DC1032B}.Debug|x86.Build.0 = Debug|Any CPU
		{23447C02-C130-4F73-92B8-26495DC1032B}.Release|Any CPU.ActiveCfg = Release|Any CPU
		{23447C02-C130-4F73-92B8-26495DC1032B}.Release|Any CPU.Build.0 = Release|Any CPU
		{23447C02-C130-4F73-92B8-26495DC1032B}.Release|x64.ActiveCfg = Release|Any CPU
		{23447C02-C130-4F73-92B8-26495DC1032B}.Release|x64.Build.0 = Release|Any CPU
		{23447C02-C130-4F73-92B8-26495DC1032B}.Release|x86.ActiveCfg = Release|Any CPU
		{23447C02-C130-4F73-92B8-26495DC1032B}.Release|x86.Build.0 = Release|Any CPU
		{58EC09B1-D0A2-4871-A983-03641BCE7CB3}.Debug|Any CPU.ActiveCfg = Debug|Any CPU
		{58EC09B1-D0A2-4871-A983-03641BCE7CB3}.Debug|Any CPU.Build.0 = Debug|Any CPU
		{58EC09B1-D0A2-4871-A983-03641BCE7CB3}.Debug|x64.ActiveCfg = Debug|Any CPU
		{58EC09B1-D0A2-4871-A983-03641BCE7CB3}.Debug|x64.Build.0 = Debug|Any CPU
		{58EC09B1-D0A2-4871-A983-03641BCE7CB3}.Debug|x86.ActiveCfg = Debug|Any CPU
		{58EC09B1-D0A2-4871-A983-03641BCE7CB3}.Debug|x86.Build.0 = Debug|Any CPU
		{58EC09B1-D0A2-4871-A983-03641BCE7CB3}.Release|Any CPU.ActiveCfg = Release|Any CPU
		{58EC09B1-D0A2-4871-A983-03641BCE7CB3}.Release|Any CPU.Build.0 = Release|Any CPU
		{58EC09B1-D0A2-4871-A983-03641BCE7CB3}.Release|x64.ActiveCfg = Release|Any CPU
		{58EC09B1-D0A2-4871-A983-03641BCE7CB3}.Release|x64.Build.0 = Release|Any CPU
		{58EC09B1-D0A2-4871-A983-03641BCE7CB3}.Release|x86.ActiveCfg = Release|Any CPU
		{58EC09B1-D0A2-4871-A983-03641BCE7CB3}.Release|x86.Build.0 = Release|Any CPU
		{E2BBB41D-94A2-400E-AB0B-E19682A41AAE}.Debug|Any CPU.ActiveCfg = Debug|Any CPU
		{E2BBB41D-94A2-400E-AB0B-E19682A41AAE}.Debug|Any CPU.Build.0 = Debug|Any CPU
		{E2BBB41D-94A2-400E-AB0B-E19682A41AAE}.Debug|x64.ActiveCfg = Debug|Any CPU
		{E2BBB41D-94A2-400E-AB0B-E19682A41AAE}.Debug|x64.Build.0 = Debug|Any CPU
		{E2BBB41D-94A2-400E-AB0B-E19682A41AAE}.Debug|x86.ActiveCfg = Debug|Any CPU
		{E2BBB41D-94A2-400E-AB0B-E19682A41AAE}.Debug|x86.Build.0 = Debug|Any CPU
		{E2BBB41D-94A2-400E-AB0B-E19682A41AAE}.Release|Any CPU.ActiveCfg = Release|Any CPU
		{E2BBB41D-94A2-400E-AB0B-E19682A41AAE}.Release|Any CPU.Build.0 = Release|Any CPU
		{E2BBB41D-94A2-400E-AB0B-E19682A41AAE}.Release|x64.ActiveCfg = Release|Any CPU
		{E2BBB41D-94A2-400E-AB0B-E19682A41AAE}.Release|x64.Build.0 = Release|Any CPU
		{E2BBB41D-94A2-400E-AB0B-E19682A41AAE}.Release|x86.ActiveCfg = Release|Any CPU
		{E2BBB41D-94A2-400E-AB0B-E19682A41AAE}.Release|x86.Build.0 = Release|Any CPU
		{A423CAC1-C223-41DA-9BF9-2B175FF0B887}.Debug|Any CPU.ActiveCfg = Debug|Any CPU
		{A423CAC1-C223-41DA-9BF9-2B175FF0B887}.Debug|Any CPU.Build.0 = Debug|Any CPU
		{A423CAC1-C223-41DA-9BF9-2B175FF0B887}.Debug|x64.ActiveCfg = Debug|Any CPU
		{A423CAC1-C223-41DA-9BF9-2B175FF0B887}.Debug|x64.Build.0 = Debug|Any CPU
		{A423CAC1-C223-41DA-9BF9-2B175FF0B887}.Debug|x86.ActiveCfg = Debug|Any CPU
		{A423CAC1-C223-41DA-9BF9-2B175FF0B887}.Debug|x86.Build.0 = Debug|Any CPU
		{A423CAC1-C223-41DA-9BF9-2B175FF0B887}.Release|Any CPU.ActiveCfg = Release|Any CPU
		{A423CAC1-C223-41DA-9BF9-2B175FF0B887}.Release|Any CPU.Build.0 = Release|Any CPU
		{A423CAC1-C223-41DA-9BF9-2B175FF0B887}.Release|x64.ActiveCfg = Release|Any CPU
		{A423CAC1-C223-41DA-9BF9-2B175FF0B887}.Release|x64.Build.0 = Release|Any CPU
		{A423CAC1-C223-41DA-9BF9-2B175FF0B887}.Release|x86.ActiveCfg = Release|Any CPU
		{A423CAC1-C223-41DA-9BF9-2B175FF0B887}.Release|x86.Build.0 = Release|Any CPU
		{DD93FD3F-C2B3-4D98-82C5-373140F76974}.Debug|Any CPU.ActiveCfg = Debug|Any CPU
		{DD93FD3F-C2B3-4D98-82C5-373140F76974}.Debug|Any CPU.Build.0 = Debug|Any CPU
		{DD93FD3F-C2B3-4D98-82C5-373140F76974}.Debug|x64.ActiveCfg = Debug|Any CPU
		{DD93FD3F-C2B3-4D98-82C5-373140F76974}.Debug|x64.Build.0 = Debug|Any CPU
		{DD93FD3F-C2B3-4D98-82C5-373140F76974}.Debug|x86.ActiveCfg = Debug|Any CPU
		{DD93FD3F-C2B3-4D98-82C5-373140F76974}.Debug|x86.Build.0 = Debug|Any CPU
		{DD93FD3F-C2B3-4D98-82C5-373140F76974}.Release|Any CPU.ActiveCfg = Release|Any CPU
		{DD93FD3F-C2B3-4D98-82C5-373140F76974}.Release|Any CPU.Build.0 = Release|Any CPU
		{DD93FD3F-C2B3-4D98-82C5-373140F76974}.Release|x64.ActiveCfg = Release|Any CPU
		{DD93FD3F-C2B3-4D98-82C5-373140F76974}.Release|x64.Build.0 = Release|Any CPU
		{DD93FD3F-C2B3-4D98-82C5-373140F76974}.Release|x86.ActiveCfg = Release|Any CPU
		{DD93FD3F-C2B3-4D98-82C5-373140F76974}.Release|x86.Build.0 = Release|Any CPU
	EndGlobalSection
	GlobalSection(SolutionProperties) = preSolution
		HideSolutionNode = FALSE
	EndGlobalSection
	GlobalSection(NestedProjects) = preSolution
		{7BF4FD30-1421-4567-A62A-4E9E354F72F6} = {827E0CD3-B72D-47B6-A68D-7590B98EB39B}
		{A6300EA1-B317-43BB-825A-A4746516C2B1} = {827E0CD3-B72D-47B6-A68D-7590B98EB39B}
		{F8171F4E-C8F2-4B93-AA54-04C92C9DCCE8} = {827E0CD3-B72D-47B6-A68D-7590B98EB39B}
		{E28991C1-3BBC-4335-B396-1AB33A4C1EF2} = {827E0CD3-B72D-47B6-A68D-7590B98EB39B}
		{23447C02-C130-4F73-92B8-26495DC1032B} = {827E0CD3-B72D-47B6-A68D-7590B98EB39B}
		{58EC09B1-D0A2-4871-A983-03641BCE7CB3} = {827E0CD3-B72D-47B6-A68D-7590B98EB39B}
		{E2BBB41D-94A2-400E-AB0B-E19682A41AAE} = {0AB3BF05-4346-4AA6-1389-037BE0695223}
		{DD93FD3F-C2B3-4D98-82C5-373140F76974} = {827E0CD3-B72D-47B6-A68D-7590B98EB39B}
	EndGlobalSection
EndGlobal
